
Microsoft Visual Studio Solution File, Format Version 12.00
# Visual Studio Version 16
VisualStudioVersion = 16.0.29123.88
MinimumVisualStudioVersion = 10.0.40219.1
Project("{FAE04EC0-301F-11D3-BF4B-00C04F79EFBC}") = "WebServer.Tests", "WebServer.Tests\WebServer.Tests.csproj", "{1D0088BB-092F-4F3C-8E66-34C632D58341}"
EndProject
Project("{FAE04EC0-301F-11D3-BF4B-00C04F79EFBC}") = "SocketResponse", "SocketResponse\SocketResponse.csproj", "{64332988-63BF-4FB2-A263-870322BEA9AD}"
EndProject
Project("{FAE04EC0-301F-11D3-BF4B-00C04F79EFBC}") = "SocketRequest", "SocketRequest\SocketRequest.csproj", "{28591008-3745-4D9C-BF14-4B57ACAA8CD6}"
EndProject
Global
	GlobalSection(SolutionConfigurationPlatforms) = preSolution
		Debug|Any CPU = Debug|Any CPU
		Release|Any CPU = Release|Any CPU
	EndGlobalSection
	GlobalSection(ProjectConfigurationPlatforms) = postSolution
		{1D0088BB-092F-4F3C-8E66-34C632D58341}.Debug|Any CPU.ActiveCfg = Debug|Any CPU
		{1D0088BB-092F-4F3C-8E66-34C632D58341}.Debug|Any CPU.Build.0 = Debug|Any CPU
		{1D0088BB-092F-4F3C-8E66-34C632D58341}.Release|Any CPU.ActiveCfg = Release|Any CPU
		{1D0088BB-092F-4F3C-8E66-34C632D58341}.Release|Any CPU.Build.0 = Release|Any CPU
		{64332988-63BF-4FB2-A263-870322BEA9AD}.Debug|Any CPU.ActiveCfg = Debug|Any CPU
		{64332988-63BF-4FB2-A263-870322BEA9AD}.Debug|Any CPU.Build.0 = Debug|Any CPU
		{64332988-63BF-4FB2-A263-870322BEA9AD}.Release|Any CPU.ActiveCfg = Release|Any CPU
		{64332988-63BF-4FB2-A263-870322BEA9AD}.Release|Any CPU.Build.0 = Release|Any CPU
		{28591008-3745-4D9C-BF14-4B57ACAA8CD6}.Debug|Any CPU.ActiveCfg = Debug|Any CPU
		{28591008-3745-4D9C-BF14-4B57ACAA8CD6}.Debug|Any CPU.Build.0 = Debug|Any CPU
		{28591008-3745-4D9C-BF14-4B57ACAA8CD6}.Release|Any CPU.ActiveCfg = Release|Any CPU
		{28591008-3745-4D9C-BF14-4B57ACAA8CD6}.Release|Any CPU.Build.0 = Release|Any CPU
	EndGlobalSection
	GlobalSection(SolutionProperties) = preSolution
		HideSolutionNode = FALSE
	EndGlobalSection
	GlobalSection(ExtensibilityGlobals) = postSolution
		SolutionGuid = {B7ADA4B6-7D41-4B49-A63A-A8CEE3F40BAA}
	EndGlobalSection
EndGlobal
